// !$*UTF8*$!
{
	archiveVersion = 1;
	classes = {
	};
	objectVersion = 56;
	objects = {

/* Begin PBXBuildFile section */
		9627ABF1288B313400FCA352 /* The_Dyslexic_ReaderApp.swift in Sources */ = {isa = PBXBuildFile; fileRef = 9627ABF0288B313400FCA352 /* The_Dyslexic_ReaderApp.swift */; };
		9627ABF3288B313400FCA352 /* ContentView.swift in Sources */ = {isa = PBXBuildFile; fileRef = 9627ABF2288B313400FCA352 /* ContentView.swift */; };
		9627ABF5288B313500FCA352 /* Assets.xcassets in Resources */ = {isa = PBXBuildFile; fileRef = 9627ABF4288B313500FCA352 /* Assets.xcassets */; };
		9627ABF9288B313500FCA352 /* Preview Assets.xcassets in Resources */ = {isa = PBXBuildFile; fileRef = 9627ABF8288B313500FCA352 /* Preview Assets.xcassets */; };
		9627AC03288B313500FCA352 /* The_Dyslexic_ReaderTests.swift in Sources */ = {isa = PBXBuildFile; fileRef = 9627AC02288B313500FCA352 /* The_Dyslexic_ReaderTests.swift */; };
		9627AC0D288B313500FCA352 /* The_Dyslexic_ReaderUITests.swift in Sources */ = {isa = PBXBuildFile; fileRef = 9627AC0C288B313500FCA352 /* The_Dyslexic_ReaderUITests.swift */; };
		9627AC0F288B313500FCA352 /* The_Dyslexic_ReaderUITestsLaunchTests.swift in Sources */ = {isa = PBXBuildFile; fileRef = 9627AC0E288B313500FCA352 /* The_Dyslexic_ReaderUITestsLaunchTests.swift */; };
/* End PBXBuildFile section */

/* Begin PBXContainerItemProxy section */
		9627ABFF288B313500FCA352 /* PBXContainerItemProxy */ = {
			isa = PBXContainerItemProxy;
			containerPortal = 9627ABE5288B313400FCA352 /* Project object */;
			proxyType = 1;
			remoteGlobalIDString = 9627ABEC288B313400FCA352;
			remoteInfo = "The Dyslexic Reader";
		};
		9627AC09288B313500FCA352 /* PBXContainerItemProxy */ = {
			isa = PBXContainerItemProxy;
			containerPortal = 9627ABE5288B313400FCA352 /* Project object */;
			proxyType = 1;
			remoteGlobalIDString = 9627ABEC288B313400FCA352;
			remoteInfo = "The Dyslexic Reader";
		};
/* End PBXContainerItemProxy section */

/* Begin PBXFileReference section */
		9627ABED288B313400FCA352 /* The Dyslexic Reader.app */ = {isa = PBXFileReference; explicitFileType = wrapper.application; includeInIndex = 0; path = "The Dyslexic Reader.app"; sourceTree = BUILT_PRODUCTS_DIR; };
		9627ABF0288B313400FCA352 /* The_Dyslexic_ReaderApp.swift */ = {isa = PBXFileReference; lastKnownFileType = sourcecode.swift; path = The_Dyslexic_ReaderApp.swift; sourceTree = "<group>"; };
		9627ABF2288B313400FCA352 /* ContentView.swift */ = {isa = PBXFileReference; lastKnownFileType = sourcecode.swift; path = ContentView.swift; sourceTree = "<group>"; };
		9627ABF4288B313500FCA352 /* Assets.xcassets */ = {isa = PBXFileReference; lastKnownFileType = folder.assetcatalog; path = Assets.xcassets; sourceTree = "<group>"; };
		9627ABF6288B313500FCA352 /* The_Dyslexic_Reader.entitlements */ = {isa = PBXFileReference; lastKnownFileType = text.plist.entitlements; path = The_Dyslexic_Reader.entitlements; sourceTree = "<group>"; };
		9627ABF8288B313500FCA352 /* Preview Assets.xcassets */ = {isa = PBXFileReference; lastKnownFileType = folder.assetcatalog; path = "Preview Assets.xcassets"; sourceTree = "<group>"; };
		9627ABFE288B313500FCA352 /* The Dyslexic ReaderTests.xctest */ = {isa = PBXFileReference; explicitFileType = wrapper.cfbundle; includeInIndex = 0; path = "The Dyslexic ReaderTests.xctest"; sourceTree = BUILT_PRODUCTS_DIR; };
		9627AC02288B313500FCA352 /* The_Dyslexic_ReaderTests.swift */ = {isa = PBXFileReference; lastKnownFileType = sourcecode.swift; path = The_Dyslexic_ReaderTests.swift; sourceTree = "<group>"; };
		9627AC08288B313500FCA352 /* The Dyslexic ReaderUITests.xctest */ = {isa = PBXFileReference; explicitFileType = wrapper.cfbundle; includeInIndex = 0; path = "The Dyslexic ReaderUITests.xctest"; sourceTree = BUILT_PRODUCTS_DIR; };
		9627AC0C288B313500FCA352 /* The_Dyslexic_ReaderUITests.swift */ = {isa = PBXFileReference; lastKnownFileType = sourcecode.swift; path = The_Dyslexic_ReaderUITests.swift; sourceTree = "<group>"; };
		9627AC0E288B313500FCA352 /* The_Dyslexic_ReaderUITestsLaunchTests.swift */ = {isa = PBXFileReference; lastKnownFileType = sourcecode.swift; path = The_Dyslexic_ReaderUITestsLaunchTests.swift; sourceTree = "<group>"; };
/* End PBXFileReference section */

/* Begin PBXFrameworksBuildPhase section */
		9627ABEA288B313400FCA352 /* Frameworks */ = {
			isa = PBXFrameworksBuildPhase;
			buildActionMask = 2147483647;
			files = (
			);
			runOnlyForDeploymentPostprocessing = 0;
		};
		9627ABFB288B313500FCA352 /* Frameworks */ = {
			isa = PBXFrameworksBuildPhase;
			buildActionMask = 2147483647;
			files = (
			);
			runOnlyForDeploymentPostprocessing = 0;
		};
		9627AC05288B313500FCA352 /* Frameworks */ = {
			isa = PBXFrameworksBuildPhase;
			buildActionMask = 2147483647;
			files = (
			);
			runOnlyForDeploymentPostprocessing = 0;
		};
/* End PBXFrameworksBuildPhase section */

/* Begin PBXGroup section */
		9627ABE4288B313400FCA352 = {
			isa = PBXGroup;
			children = (
				9627ABEF288B313400FCA352 /* The Dyslexic Reader */,
				9627AC01288B313500FCA352 /* The Dyslexic ReaderTests */,
				9627AC0B288B313500FCA352 /* The Dyslexic ReaderUITests */,
				9627ABEE288B313400FCA352 /* Products */,
			);
			sourceTree = "<group>";
		};
		9627ABEE288B313400FCA352 /* Products */ = {
			isa = PBXGroup;
			children = (
				9627ABED288B313400FCA352 /* The Dyslexic Reader.app */,
				9627ABFE288B313500FCA352 /* The Dyslexic ReaderTests.xctest */,
				9627AC08288B313500FCA352 /* The Dyslexic ReaderUITests.xctest */,
			);
			name = Products;
			sourceTree = "<group>";
		};
		9627ABEF288B313400FCA352 /* The Dyslexic Reader */ = {
			isa = PBXGroup;
			children = (
				9627ABF0288B313400FCA352 /* The_Dyslexic_ReaderApp.swift */,
				9627ABF2288B313400FCA352 /* ContentView.swift */,
				9627ABF4288B313500FCA352 /* Assets.xcassets */,
				9627ABF6288B313500FCA352 /* The_Dyslexic_Reader.entitlements */,
				9627ABF7288B313500FCA352 /* Preview Content */,
			);
			path = "The Dyslexic Reader";
			sourceTree = "<group>";
		};
		9627ABF7288B313500FCA352 /* Preview Content */ = {
			isa = PBXGroup;
			children = (
				9627ABF8288B313500FCA352 /* Preview Assets.xcassets */,
			);
			path = "Preview Content";
			sourceTree = "<group>";
		};
		9627AC01288B313500FCA352 /* The Dyslexic ReaderTests */ = {
			isa = PBXGroup;
			children = (
				9627AC02288B313500FCA352 /* The_Dyslexic_ReaderTests.swift */,
			);
			path = "The Dyslexic ReaderTests";
			sourceTree = "<group>";
		};
		9627AC0B288B313500FCA352 /* The Dyslexic ReaderUITests */ = {
			isa = PBXGroup;
			children = (
				9627AC0C288B313500FCA352 /* The_Dyslexic_ReaderUITests.swift */,
				9627AC0E288B313500FCA352 /* The_Dyslexic_ReaderUITestsLaunchTests.swift */,
			);
			path = "The Dyslexic ReaderUITests";
			sourceTree = "<group>";
		};
/* End PBXGroup section */

/* Begin PBXNativeTarget section */
		9627ABEC288B313400FCA352 /* The Dyslexic Reader */ = {
			isa = PBXNativeTarget;
			buildConfigurationList = 9627AC12288B313500FCA352 /* Build configuration list for PBXNativeTarget "The Dyslexic Reader" */;
			buildPhases = (
				9627ABE9288B313400FCA352 /* Sources */,
				9627ABEA288B313400FCA352 /* Frameworks */,
				9627ABEB288B313400FCA352 /* Resources */,
			);
			buildRules = (
			);
			dependencies = (
			);
			name = "The Dyslexic Reader";
			productName = "The Dyslexic Reader";
			productReference = 9627ABED288B313400FCA352 /* The Dyslexic Reader.app */;
			productType = "com.apple.product-type.application";
		};
		9627ABFD288B313500FCA352 /* The Dyslexic ReaderTests */ = {
			isa = PBXNativeTarget;
			buildConfigurationList = 9627AC15288B313500FCA352 /* Build configuration list for PBXNativeTarget "The Dyslexic ReaderTests" */;
			buildPhases = (
				9627ABFA288B313500FCA352 /* Sources */,
				9627ABFB288B313500FCA352 /* Frameworks */,
				9627ABFC288B313500FCA352 /* Resources */,
			);
			buildRules = (
			);
			dependencies = (
				9627AC00288B313500FCA352 /* PBXTargetDependency */,
			);
			name = "The Dyslexic ReaderTests";
			productName = "The Dyslexic ReaderTests";
			productReference = 9627ABFE288B313500FCA352 /* The Dyslexic ReaderTests.xctest */;
			productType = "com.apple.product-type.bundle.unit-test";
		};
		9627AC07288B313500FCA352 /* The Dyslexic ReaderUITests */ = {
			isa = PBXNativeTarget;
			buildConfigurationList = 9627AC18288B313500FCA352 /* Build configuration list for PBXNativeTarget "The Dyslexic ReaderUITests" */;
			buildPhases = (
				9627AC04288B313500FCA352 /* Sources */,
				9627AC05288B313500FCA352 /* Frameworks */,
				9627AC06288B313500FCA352 /* Resources */,
			);
			buildRules = (
			);
			dependencies = (
				9627AC0A288B313500FCA352 /* PBXTargetDependency */,
			);
			name = "The Dyslexic ReaderUITests";
			productName = "The Dyslexic ReaderUITests";
			productReference = 9627AC08288B313500FCA352 /* The Dyslexic ReaderUITests.xctest */;
			productType = "com.apple.product-type.bundle.ui-testing";
		};
/* End PBXNativeTarget section */

/* Begin PBXProject section */
		9627ABE5288B313400FCA352 /* Project object */ = {
			isa = PBXProject;
			attributes = {
				BuildIndependentTargetsInParallel = 1;
				LastSwiftUpdateCheck = 1400;
				LastUpgradeCheck = 1400;
				TargetAttributes = {
					9627ABEC288B313400FCA352 = {
						CreatedOnToolsVersion = 14.0;
					};
					9627ABFD288B313500FCA352 = {
						CreatedOnToolsVersion = 14.0;
						TestTargetID = 9627ABEC288B313400FCA352;
					};
					9627AC07288B313500FCA352 = {
						CreatedOnToolsVersion = 14.0;
						TestTargetID = 9627ABEC288B313400FCA352;
					};
				};
			};
			buildConfigurationList = 9627ABE8288B313400FCA352 /* Build configuration list for PBXProject "The Dyslexic Reader" */;
			compatibilityVersion = "Xcode 14.0";
			developmentRegion = en;
			hasScannedForEncodings = 0;
			knownRegions = (
				en,
				Base,
			);
			mainGroup = 9627ABE4288B313400FCA352;
			productRefGroup = 9627ABEE288B313400FCA352 /* Products */;
			projectDirPath = "";
			projectRoot = "";
			targets = (
				9627ABEC288B313400FCA352 /* The Dyslexic Reader */,
				9627ABFD288B313500FCA352 /* The Dyslexic ReaderTests */,
				9627AC07288B313500FCA352 /* The Dyslexic ReaderUITests */,
			);
		};
/* End PBXProject section */

/* Begin PBXResourcesBuildPhase section */
		9627ABEB288B313400FCA352 /* Resources */ = {
			isa = PBXResourcesBuildPhase;
			buildActionMask = 2147483647;
			files = (
				9627ABF9288B313500FCA352 /* Preview Assets.xcassets in Resources */,
				9627ABF5288B313500FCA352 /* Assets.xcassets in Resources */,
			);
			runOnlyForDeploymentPostprocessing = 0;
		};
		9627ABFC288B313500FCA352 /* Resources */ = {
			isa = PBXResourcesBuildPhase;
			buildActionMask = 2147483647;
			files = (
			);
			runOnlyForDeploymentPostprocessing = 0;
		};
		9627AC06288B313500FCA352 /* Resources */ = {
			isa = PBXResourcesBuildPhase;
			buildActionMask = 2147483647;
			files = (
			);
			runOnlyForDeploymentPostprocessing = 0;
		};
/* End PBXResourcesBuildPhase section */

/* Begin PBXSourcesBuildPhase section */
		9627ABE9288B313400FCA352 /* Sources */ = {
			isa = PBXSourcesBuildPhase;
			buildActionMask = 2147483647;
			files = (
				9627ABF3288B313400FCA352 /* ContentView.swift in Sources */,
				9627ABF1288B313400FCA352 /* The_Dyslexic_ReaderApp.swift in Sources */,
			);
			runOnlyForDeploymentPostprocessing = 0;
		};
		9627ABFA288B313500FCA352 /* Sources */ = {
			isa = PBXSourcesBuildPhase;
			buildActionMask = 2147483647;
			files = (
				9627AC03288B313500FCA352 /* The_Dyslexic_ReaderTests.swift in Sources */,
			);
			runOnlyForDeploymentPostprocessing = 0;
		};
		9627AC04288B313500FCA352 /* Sources */ = {
			isa = PBXSourcesBuildPhase;
			buildActionMask = 2147483647;
			files = (
				9627AC0F288B313500FCA352 /* The_Dyslexic_ReaderUITestsLaunchTests.swift in Sources */,
				9627AC0D288B313500FCA352 /* The_Dyslexic_ReaderUITests.swift in Sources */,
			);
			runOnlyForDeploymentPostprocessing = 0;
		};
/* End PBXSourcesBuildPhase section */

/* Begin PBXTargetDependency section */
		9627AC00288B313500FCA352 /* PBXTargetDependency */ = {
			isa = PBXTargetDependency;
			target = 9627ABEC288B313400FCA352 /* The Dyslexic Reader */;
			targetProxy = 9627ABFF288B313500FCA352 /* PBXContainerItemProxy */;
		};
		9627AC0A288B313500FCA352 /* PBXTargetDependency */ = {
			isa = PBXTargetDependency;
			target = 9627ABEC288B313400FCA352 /* The Dyslexic Reader */;
			targetProxy = 9627AC09288B313500FCA352 /* PBXContainerItemProxy */;
		};
/* End PBXTargetDependency section */

/* Begin XCBuildConfiguration section */
		9627AC10288B313500FCA352 /* Debug */ = {
			isa = XCBuildConfiguration;
			buildSettings = {
				ALWAYS_SEARCH_USER_PATHS = NO;
				CLANG_ANALYZER_NONNULL = YES;
				CLANG_ANALYZER_NUMBER_OBJECT_CONVERSION = YES_AGGRESSIVE;
				CLANG_CXX_LANGUAGE_STANDARD = "gnu++17";
				CLANG_ENABLE_MODULES = YES;
				CLANG_ENABLE_OBJC_ARC = YES;
				CLANG_ENABLE_OBJC_WEAK = YES;
				CLANG_WARN_BLOCK_CAPTURE_AUTORELEASING = YES;
				CLANG_WARN_BOOL_CONVERSION = YES;
				CLANG_WARN_COMMA = YES;
				CLANG_WARN_CONSTANT_CONVERSION = YES;
				CLANG_WARN_DEPRECATED_OBJC_IMPLEMENTATIONS = YES;
				CLANG_WARN_DIRECT_OBJC_ISA_USAGE = YES_ERROR;
				CLANG_WARN_DOCUMENTATION_COMMENTS = YES;
				CLANG_WARN_EMPTY_BODY = YES;
				CLANG_WARN_ENUM_CONVERSION = YES;
				CLANG_WARN_INFINITE_RECURSION = YES;
				CLANG_WARN_INT_CONVERSION = YES;
				CLANG_WARN_NON_LITERAL_NULL_CONVERSION = YES;
				CLANG_WARN_OBJC_IMPLICIT_RETAIN_SELF = YES;
				CLANG_WARN_OBJC_LITERAL_CONVERSION = YES;
				CLANG_WARN_OBJC_ROOT_CLASS = YES_ERROR;
				CLANG_WARN_QUOTED_INCLUDE_IN_FRAMEWORK_HEADER = YES;
				CLANG_WARN_RANGE_LOOP_ANALYSIS = YES;
				CLANG_WARN_STRICT_PROTOTYPES = YES;
				CLANG_WARN_SUSPICIOUS_MOVE = YES;
				CLANG_WARN_UNGUARDED_AVAILABILITY = YES_AGGRESSIVE;
				CLANG_WARN_UNREACHABLE_CODE = YES;
				CLANG_WARN__DUPLICATE_METHOD_MATCH = YES;
				COPY_PHASE_STRIP = NO;
				DEBUG_INFORMATION_FORMAT = dwarf;
				ENABLE_STRICT_OBJC_MSGSEND = YES;
				ENABLE_TESTABILITY = YES;
				GCC_C_LANGUAGE_STANDARD = gnu11;
				GCC_DYNAMIC_NO_PIC = NO;
				GCC_NO_COMMON_BLOCKS = YES;
				GCC_OPTIMIZATION_LEVEL = 0;
				GCC_PREPROCESSOR_DEFINITIONS = (
					"DEBUG=1",
					"$(inherited)",
				);
				GCC_WARN_64_TO_32_BIT_CONVERSION = YES;
				GCC_WARN_ABOUT_RETURN_TYPE = YES_ERROR;
				GCC_WARN_UNDECLARED_SELECTOR = YES;
				GCC_WARN_UNINITIALIZED_AUTOS = YES_AGGRESSIVE;
				GCC_WARN_UNUSED_FUNCTION = YES;
				GCC_WARN_UNUSED_VARIABLE = YES;
				MTL_ENABLE_DEBUG_INFO = INCLUDE_SOURCE;
				MTL_FAST_MATH = YES;
				ONLY_ACTIVE_ARCH = YES;
				SWIFT_ACTIVE_COMPILATION_CONDITIONS = DEBUG;
				SWIFT_OPTIMIZATION_LEVEL = "-Onone";
			};
			name = Debug;
		};
		9627AC11288B313500FCA352 /* Release */ = {
			isa = XCBuildConfiguration;
			buildSettings = {
				ALWAYS_SEARCH_USER_PATHS = NO;
				CLANG_ANALYZER_NONNULL = YES;
				CLANG_ANALYZER_NUMBER_OBJECT_CONVERSION = YES_AGGRESSIVE;
				CLANG_CXX_LANGUAGE_STANDARD = "gnu++17";
				CLANG_ENABLE_MODULES = YES;
				CLANG_ENABLE_OBJC_ARC = YES;
				CLANG_ENABLE_OBJC_WEAK = YES;
				CLANG_WARN_BLOCK_CAPTURE_AUTORELEASING = YES;
				CLANG_WARN_BOOL_CONVERSION = YES;
				CLANG_WARN_COMMA = YES;
				CLANG_WARN_CONSTANT_CONVERSION = YES;
				CLANG_WARN_DEPRECATED_OBJC_IMPLEMENTATIONS = YES;
				CLANG_WARN_DIRECT_OBJC_ISA_USAGE = YES_ERROR;
				CLANG_WARN_DOCUMENTATION_COMMENTS = YES;
				CLANG_WARN_EMPTY_BODY = YES;
				CLANG_WARN_ENUM_CONVERSION = YES;
				CLANG_WARN_INFINITE_RECURSION = YES;
				CLANG_WARN_INT_CONVERSION = YES;
				CLANG_WARN_NON_LITERAL_NULL_CONVERSION = YES;
				CLANG_WARN_OBJC_IMPLICIT_RETAIN_SELF = YES;
				CLANG_WARN_OBJC_LITERAL_CONVERSION = YES;
				CLANG_WARN_OBJC_ROOT_CLASS = YES_ERROR;
				CLANG_WARN_QUOTED_INCLUDE_IN_FRAMEWORK_HEADER = YES;
				CLANG_WARN_RANGE_LOOP_ANALYSIS = YES;
				CLANG_WARN_STRICT_PROTOTYPES = YES;
				CLANG_WARN_SUSPICIOUS_MOVE = YES;
				CLANG_WARN_UNGUARDED_AVAILABILITY = YES_AGGRESSIVE;
				CLANG_WARN_UNREACHABLE_CODE = YES;
				CLANG_WARN__DUPLICATE_METHOD_MATCH = YES;
				COPY_PHASE_STRIP = NO;
				DEBUG_INFORMATION_FORMAT = "dwarf-with-dsym";
				ENABLE_NS_ASSERTIONS = NO;
				ENABLE_STRICT_OBJC_MSGSEND = YES;
				GCC_C_LANGUAGE_STANDARD = gnu11;
				GCC_NO_COMMON_BLOCKS = YES;
				GCC_WARN_64_TO_32_BIT_CONVERSION = YES;
				GCC_WARN_ABOUT_RETURN_TYPE = YES_ERROR;
				GCC_WARN_UNDECLARED_SELECTOR = YES;
				GCC_WARN_UNINITIALIZED_AUTOS = YES_AGGRESSIVE;
				GCC_WARN_UNUSED_FUNCTION = YES;
				GCC_WARN_UNUSED_VARIABLE = YES;
				MTL_ENABLE_DEBUG_INFO = NO;
				MTL_FAST_MATH = YES;
				SWIFT_COMPILATION_MODE = wholemodule;
				SWIFT_OPTIMIZATION_LEVEL = "-O";
			};
			name = Release;
		};
		9627AC13288B313500FCA352 /* Debug */ = {
			isa = XCBuildConfiguration;
			buildSettings = {
				ASSETCATALOG_COMPILER_APPICON_NAME = AppIcon;
				ASSETCATALOG_COMPILER_GLOBAL_ACCENT_COLOR_NAME = AccentColor;
				CODE_SIGN_ENTITLEMENTS = "The Dyslexic Reader/The_Dyslexic_Reader.entitlements";
				CODE_SIGN_STYLE = Automatic;
				CURRENT_PROJECT_VERSION = 1;
				DEVELOPMENT_ASSET_PATHS = "\"The Dyslexic Reader/Preview Content\"";
				DEVELOPMENT_TEAM = Z64KRUX3W3;
				ENABLE_HARDENED_RUNTIME = YES;
				ENABLE_PREVIEWS = YES;
				GENERATE_INFOPLIST_FILE = YES;
				"INFOPLIST_KEY_UILaunchScreen_Generation[sdk=iphoneos*]" = YES;
				"INFOPLIST_KEY_UILaunchScreen_Generation[sdk=iphonesimulator*]" = YES;
				INFOPLIST_KEY_UISupportedInterfaceOrientations_iPad = "UIInterfaceOrientationPortrait UIInterfaceOrientationPortraitUpsideDown UIInterfaceOrientationLandscapeLeft UIInterfaceOrientationLandscapeRight";
				INFOPLIST_KEY_UISupportedInterfaceOrientations_iPhone = "UIInterfaceOrientationPortrait UIInterfaceOrientationLandscapeLeft UIInterfaceOrientationLandscapeRight";
				IPHONEOS_DEPLOYMENT_TARGET = 16.0;
				LD_RUNPATH_SEARCH_PATHS = "@executable_path/Frameworks";
				"LD_RUNPATH_SEARCH_PATHS[sdk=macosx*]" = "@executable_path/../Frameworks";
				MACOSX_DEPLOYMENT_TARGET = 13.0;
				MARKETING_VERSION = 1.0;
				PRODUCT_BUNDLE_IDENTIFIER = "John-Seong.The-Dyslexic-Reader";
				PRODUCT_NAME = "$(TARGET_NAME)";
				SDKROOT = auto;
				SUPPORTED_PLATFORMS = "iphoneos iphonesimulator macosx";
				SWIFT_EMIT_LOC_STRINGS = YES;
				SWIFT_VERSION = 5.0;
				TARGETED_DEVICE_FAMILY = "1,2";
			};
			name = Debug;
		};
		9627AC14288B313500FCA352 /* Release */ = {
			isa = XCBuildConfiguration;
			buildSettings = {
				ASSETCATALOG_COMPILER_APPICON_NAME = AppIcon;
				ASSETCATALOG_COMPILER_GLOBAL_ACCENT_COLOR_NAME = AccentColor;
				CODE_SIGN_ENTITLEMENTS = "The Dyslexic Reader/The_Dyslexic_Reader.entitlements";
				CODE_SIGN_STYLE = Automatic;
				CURRENT_PROJECT_VERSION = 1;
				DEVELOPMENT_ASSET_PATHS = "\"The Dyslexic Reader/Preview Content\"";
				DEVELOPMENT_TEAM = Z64KRUX3W3;
				ENABLE_HARDENED_RUNTIME = YES;
				ENABLE_PREVIEWS = YES;
				GENERATE_INFOPLIST_FILE = YES;
				"INFOPLIST_KEY_UILaunchScreen_Generation[sdk=iphoneos*]" = YES;
				"INFOPLIST_KEY_UILaunchScreen_Generation[sdk=iphonesimulator*]" = YES;
				INFOPLIST_KEY_UISupportedInterfaceOrientations_iPad = "UIInterfaceOrientationPortrait UIInterfaceOrientationPortraitUpsideDown UIInterfaceOrientationLandscapeLeft UIInterfaceOrientationLandscapeRight";
				INFOPLIST_KEY_UISupportedInterfaceOrientations_iPhone = "UIInterfaceOrientationPortrait UIInterfaceOrientationLandscapeLeft UIInterfaceOrientationLandscapeRight";
				IPHONEOS_DEPLOYMENT_TARGET = 16.0;
				LD_RUNPATH_SEARCH_PATHS = "@executable_path/Frameworks";
				"LD_RUNPATH_SEARCH_PATHS[sdk=macosx*]" = "@executable_path/../Frameworks";
				MACOSX_DEPLOYMENT_TARGET = 13.0;
				MARKETING_VERSION = 1.0;
				PRODUCT_BUNDLE_IDENTIFIER = "John-Seong.The-Dyslexic-Reader";
				PRODUCT_NAME = "$(TARGET_NAME)";
				SDKROOT = auto;
				SUPPORTED_PLATFORMS = "iphoneos iphonesimulator macosx";
				SWIFT_EMIT_LOC_STRINGS = YES;
				SWIFT_VERSION = 5.0;
				TARGETED_DEVICE_FAMILY = "1,2";
			};
			name = Release;
		};
		9627AC16288B313500FCA352 /* Debug */ = {
			isa = XCBuildConfiguration;
			buildSettings = {
				ALWAYS_EMBED_SWIFT_STANDARD_LIBRARIES = YES;
				BUNDLE_LOADER = "$(TEST_HOST)";
				CODE_SIGN_STYLE = Automatic;
				CURRENT_PROJECT_VERSION = 1;
				DEVELOPMENT_TEAM = Z64KRUX3W3;
				GENERATE_INFOPLIST_FILE = YES;
				IPHONEOS_DEPLOYMENT_TARGET = 16.0;
				MACOSX_DEPLOYMENT_TARGET = 13.0;
				MARKETING_VERSION = 1.0;
				PRODUCT_BUNDLE_IDENTIFIER = "John-Seong.The-Dyslexic-ReaderTests";
				PRODUCT_NAME = "$(TARGET_NAME)";
				SDKROOT = auto;
				SUPPORTED_PLATFORMS = "iphoneos iphonesimulator macosx";
				SWIFT_EMIT_LOC_STRINGS = NO;
				SWIFT_VERSION = 5.0;
				TARGETED_DEVICE_FAMILY = "1,2";
				TEST_HOST = "$(BUILT_PRODUCTS_DIR)/The Dyslexic Reader.app/$(BUNDLE_EXECUTABLE_FOLDER_PATH)/The Dyslexic Reader";
			};
			name = Debug;
		};
		9627AC17288B313500FCA352 /* Release */ = {
			isa = XCBuildConfiguration;
			buildSettings = {
				ALWAYS_EMBED_SWIFT_STANDARD_LIBRARIES = YES;
				BUNDLE_LOADER = "$(TEST_HOST)";
				CODE_SIGN_STYLE = Automatic;
				CURRENT_PROJECT_VERSION = 1;
				DEVELOPMENT_TEAM = Z64KRUX3W3;
				GENERATE_INFOPLIST_FILE = YES;
				IPHONEOS_DEPLOYMENT_TARGET = 16.0;
				MACOSX_DEPLOYMENT_TARGET = 13.0;
				MARKETING_VERSION = 1.0;
				PRODUCT_BUNDLE_IDENTIFIER = "John-Seong.The-Dyslexic-ReaderTests";
				PRODUCT_NAME = "$(TARGET_NAME)";
				SDKROOT = auto;
				SUPPORTED_PLATFORMS = "iphoneos iphonesimulator macosx";
				SWIFT_EMIT_LOC_STRINGS = NO;
				SWIFT_VERSION = 5.0;
				TARGETED_DEVICE_FAMILY = "1,2";
				TEST_HOST = "$(BUILT_PRODUCTS_DIR)/The Dyslexic Reader.app/$(BUNDLE_EXECUTABLE_FOLDER_PATH)/The Dyslexic Reader";
			};
			name = Release;
		};
		9627AC19288B313500FCA352 /* Debug */ = {
			isa = XCBuildConfiguration;
			buildSettings = {
				ALWAYS_EMBED_SWIFT_STANDARD_LIBRARIES = YES;
				CODE_SIGN_STYLE = Automatic;
				CURRENT_PROJECT_VERSION = 1;
				DEVELOPMENT_TEAM = Z64KRUX3W3;
				GENERATE_INFOPLIST_FILE = YES;
				IPHONEOS_DEPLOYMENT_TARGET = 16.0;
				MACOSX_DEPLOYMENT_TARGET = 13.0;
				MARKETING_VERSION = 1.0;
				PRODUCT_BUNDLE_IDENTIFIER = "John-Seong.The-Dyslexic-ReaderUITests";
				PRODUCT_NAME = "$(TARGET_NAME)";
				SDKROOT = auto;
				SUPPORTED_PLATFORMS = "iphoneos iphonesimulator macosx";
				SWIFT_EMIT_LOC_STRINGS = NO;
				SWIFT_VERSION = 5.0;
				TARGETED_DEVICE_FAMILY = "1,2";
				TEST_TARGET_NAME = "The Dyslexic Reader";
			};
			name = Debug;
		};
		9627AC1A288B313500FCA352 /* Release */ = {
			isa = XCBuildConfiguration;
			buildSettings = {
				ALWAYS_EMBED_SWIFT_STANDARD_LIBRARIES = YES;
				CODE_SIGN_STYLE = Automatic;
				CURRENT_PROJECT_VERSION = 1;
				DEVELOPMENT_TEAM = Z64KRUX3W3;
				GENERATE_INFOPLIST_FILE = YES;
				IPHONEOS_DEPLOYMENT_TARGET = 16.0;
				MACOSX_DEPLOYMENT_TARGET = 13.0;
				MARKETING_VERSION = 1.0;
				PRODUCT_BUNDLE_IDENTIFIER = "John-Seong.The-Dyslexic-ReaderUITests";
				PRODUCT_NAME = "$(TARGET_NAME)";
				SDKROOT = auto;
				SUPPORTED_PLATFORMS = "iphoneos iphonesimulator macosx";
				SWIFT_EMIT_LOC_STRINGS = NO;
				SWIFT_VERSION = 5.0;
				TARGETED_DEVICE_FAMILY = "1,2";
				TEST_TARGET_NAME = "The Dyslexic Reader";
			};
			name = Release;
		};
/* End XCBuildConfiguration section */

/* Begin XCConfigurationList section */
		9627ABE8288B313400FCA352 /* Build configuration list for PBXProject "The Dyslexic Reader" */ = {
			isa = XCConfigurationList;
			buildConfigurations = (
				9627AC10288B313500FCA352 /* Debug */,
				9627AC11288B313500FCA352 /* Release */,
			);
			defaultConfigurationIsVisible = 0;
			defaultConfigurationName = Release;
		};
		9627AC12288B313500FCA352 /* Build configuration list for PBXNativeTarget "The Dyslexic Reader" */ = {
			isa = XCConfigurationList;
			buildConfigurations = (
				9627AC13288B313500FCA352 /* Debug */,
				9627AC14288B313500FCA352 /* Release */,
			);
			defaultConfigurationIsVisible = 0;
			defaultConfigurationName = Release;
		};
		9627AC15288B313500FCA352 /* Build configuration list for PBXNativeTarget "The Dyslexic ReaderTests" */ = {
			isa = XCConfigurationList;
			buildConfigurations = (
				9627AC16288B313500FCA352 /* Debug */,
				9627AC17288B313500FCA352 /* Release */,
			);
			defaultConfigurationIsVisible = 0;
			defaultConfigurationName = Release;
		};
		9627AC18288B313500FCA352 /* Build configuration list for PBXNativeTarget "The Dyslexic ReaderUITests" */ = {
			isa = XCConfigurationList;
			buildConfigurations = (
				9627AC19288B313500FCA352 /* Debug */,
				9627AC1A288B313500FCA352 /* Release */,
			);
			defaultConfigurationIsVisible = 0;
			defaultConfigurationName = Release;
		};
/* End XCConfigurationList section */
	};
	rootObject = 9627ABE5288B313400FCA352 /* Project object */;
}
